
Microsoft Visual Studio Solution File, Format Version 12.00
# Visual Studio Version 16
VisualStudioVersion = 16.0.29001.49
MinimumVisualStudioVersion = 10.0.40219.1
Project("{FAE04EC0-301F-11D3-BF4B-00C04F79EFBC}") = "redis_dotnetcore", "redis_dotnetcore\redis_dotnetcore.csproj", "{B3CD2170-EB4F-4E53-AF35-5A586AE3FBDB}"
EndProject
Global
	GlobalSection(SolutionConfigurationPlatforms) = preSolution
		Debug|Any CPU = Debug|Any CPU
		Release|Any CPU = Release|Any CPU
	EndGlobalSection
	GlobalSection(ProjectConfigurationPlatforms) = postSolution
		{B3CD2170-EB4F-4E53-AF35-5A586AE3FBDB}.Debug|Any CPU.ActiveCfg = Debug|Any CPU
		{B3CD2170-EB4F-4E53-AF35-5A586AE3FBDB}.Debug|Any CPU.Build.0 = Debug|Any CPU
		{B3CD2170-EB4F-4E53-AF35-5A586AE3FBDB}.Release|Any CPU.ActiveCfg = Release|Any CPU
		{B3CD2170-EB4F-4E53-AF35-5A586AE3FBDB}.Release|Any CPU.Build.0 = Release|Any CPU
	EndGlobalSection
	GlobalSection(SolutionProperties) = preSolution
		HideSolutionNode = FALSE
	EndGlobalSection
	GlobalSection(ExtensibilityGlobals) = postSolution
		SolutionGuid = {F12B8546-0796-4884-A729-A69D94D31BB0}
	EndGlobalSection
EndGlobal
